
Microsoft Visual Studio Solution File, Format Version 12.00
# Visual Studio Version 17
VisualStudioVersion = 17.0.31903.59
MinimumVisualStudioVersion = 10.0.40219.1
Project("{FAE04EC0-301F-11D3-BF4B-00C04F79EFBC}") = "WebApi", "WebApi\WebApi.csproj", "{055447E5-4F3E-4744-A5A7-DD284CFD3A70}"
EndProject
Project("{2150E333-8FDC-42A3-9474-1A3956D46DE8}") = "Tests", "Tests", "{26374E2B-497D-4240-9AE4-734BBE811FDE}"
EndProject
Project("{FAE04EC0-301F-11D3-BF4B-00C04F79EFBC}") = "WebApi.UnitTests", "Tests\WebApi.UnitTests\WebApi.UnitTests.csproj", "{C159C555-D636-4C0C-B8DC-2BDFD996E2F3}"
EndProject
Global
	GlobalSection(SolutionConfigurationPlatforms) = preSolution
		Debug|Any CPU = Debug|Any CPU
		Release|Any CPU = Release|Any CPU
	EndGlobalSection
	GlobalSection(SolutionProperties) = preSolution
		HideSolutionNode = FALSE
	EndGlobalSection
	GlobalSection(ProjectConfigurationPlatforms) = postSolution
		{055447E5-4F3E-4744-A5A7-DD284CFD3A70}.Debug|Any CPU.ActiveCfg = Debug|Any CPU
		{055447E5-4F3E-4744-A5A7-DD284CFD3A70}.Debug|Any CPU.Build.0 = Debug|Any CPU
		{055447E5-4F3E-4744-A5A7-DD284CFD3A70}.Release|Any CPU.ActiveCfg = Release|Any CPU
		{055447E5-4F3E-4744-A5A7-DD284CFD3A70}.Release|Any CPU.Build.0 = Release|Any CPU
		{C159C555-D636-4C0C-B8DC-2BDFD996E2F3}.Debug|Any CPU.ActiveCfg = Debug|Any CPU
		{C159C555-D636-4C0C-B8DC-2BDFD996E2F3}.Debug|Any CPU.Build.0 = Debug|Any CPU
		{C159C555-D636-4C0C-B8DC-2BDFD996E2F3}.Release|Any CPU.ActiveCfg = Release|Any CPU
		{C159C555-D636-4C0C-B8DC-2BDFD996E2F3}.Release|Any CPU.Build.0 = Release|Any CPU
	EndGlobalSection
	GlobalSection(NestedProjects) = preSolution
		{C159C555-D636-4C0C-B8DC-2BDFD996E2F3} = {26374E2B-497D-4240-9AE4-734BBE811FDE}
	EndGlobalSection
EndGlobal
